
Microsoft Visual Studio Solution File, Format Version 12.00
# Visual Studio 2013
VisualStudioVersion = 12.0.21005.1
MinimumVisualStudioVersion = 10.0.40219.1
Project("{FAE04EC0-301F-11D3-BF4B-00C04F79EFBC}") = "GenericMsmqProcessing.Core", "GenericMsmqProcessing.Core\GenericMsmqProcessing.Core.csproj", "{8524431A-42F0-4803-90B9-BBF5C71959B5}"
EndProject
Project("{FAE04EC0-301F-11D3-BF4B-00C04F79EFBC}") = "GenericMessageProccessing.Core.Test.Unit", "GenericMessageProccessing.Core.Test.Unit\GenericMessageProccessing.Core.Test.Unit.csproj", "{A2AEB570-0DD0-49F0-84F5-32FDCEFA46DA}"
EndProject
Project("{FAE04EC0-301F-11D3-BF4B-00C04F79EFBC}") = "GenericMsmqMessageProcessing.Test.Integration", "GenericMsmqMessageProcessing.Test.Integration\GenericMsmqMessageProcessing.Test.Integration.csproj", "{7A1F4722-EA1B-44C7-A295-6F4F6A4A20B7}"
EndProject
Project("{FAE04EC0-301F-11D3-BF4B-00C04F79EFBC}") = "GenericMsmqMessageProcessing.SampleApplication", "GenericMsmqMessageProcessing.SampleApplication\GenericMsmqMessageProcessing.SampleApplication.csproj", "{2BC0808F-D643-44DF-B1BF-F18772650507}"
EndProject
Project("{2150E333-8FDC-42A3-9474-1A3956D46DE8}") = ".nuget", ".nuget", "{2C3C96D6-E137-4C84-B49B-E85C7850517B}"
	ProjectSection(SolutionItems) = preProject
		.nuget\NuGet.Config = .nuget\NuGet.Config
		.nuget\NuGet.exe = .nuget\NuGet.exe
		.nuget\NuGet.targets = .nuget\NuGet.targets
	EndProjectSection
EndProject
Global
	GlobalSection(SolutionConfigurationPlatforms) = preSolution
		Debug|Any CPU = Debug|Any CPU
		Release|Any CPU = Release|Any CPU
	EndGlobalSection
	GlobalSection(ProjectConfigurationPlatforms) = postSolution
		{8524431A-42F0-4803-90B9-BBF5C71959B5}.Debug|Any CPU.ActiveCfg = Debug|Any CPU
		{8524431A-42F0-4803-90B9-BBF5C71959B5}.Debug|Any CPU.Build.0 = Debug|Any CPU
		{8524431A-42F0-4803-90B9-BBF5C71959B5}.Release|Any CPU.ActiveCfg = Release|Any CPU
		{8524431A-42F0-4803-90B9-BBF5C71959B5}.Release|Any CPU.Build.0 = Release|Any CPU
		{A2AEB570-0DD0-49F0-84F5-32FDCEFA46DA}.Debug|Any CPU.ActiveCfg = Debug|Any CPU
		{A2AEB570-0DD0-49F0-84F5-32FDCEFA46DA}.Debug|Any CPU.Build.0 = Debug|Any CPU
		{A2AEB570-0DD0-49F0-84F5-32FDCEFA46DA}.Release|Any CPU.ActiveCfg = Release|Any CPU
		{A2AEB570-0DD0-49F0-84F5-32FDCEFA46DA}.Release|Any CPU.Build.0 = Release|Any CPU
		{7A1F4722-EA1B-44C7-A295-6F4F6A4A20B7}.Debug|Any CPU.ActiveCfg = Debug|Any CPU
		{7A1F4722-EA1B-44C7-A295-6F4F6A4A20B7}.Debug|Any CPU.Build.0 = Debug|Any CPU
		{7A1F4722-EA1B-44C7-A295-6F4F6A4A20B7}.Release|Any CPU.ActiveCfg = Release|Any CPU
		{7A1F4722-EA1B-44C7-A295-6F4F6A4A20B7}.Release|Any CPU.Build.0 = Release|Any CPU
		{2BC0808F-D643-44DF-B1BF-F18772650507}.Debug|Any CPU.ActiveCfg = Debug|Any CPU
		{2BC0808F-D643-44DF-B1BF-F18772650507}.Debug|Any CPU.Build.0 = Debug|Any CPU
		{2BC0808F-D643-44DF-B1BF-F18772650507}.Release|Any CPU.ActiveCfg = Release|Any CPU
		{2BC0808F-D643-44DF-B1BF-F18772650507}.Release|Any CPU.Build.0 = Release|Any CPU
	EndGlobalSection
	GlobalSection(SolutionProperties) = preSolution
		HideSolutionNode = FALSE
	EndGlobalSection
EndGlobal
